// !$*UTF8*$!
{
	archiveVersion = 1;
	classes = {
	};
	objectVersion = 46;
	objects = {

/* Begin PBXBuildFile section */
		C921484E16B58AF8007323D0 /* EWWebViewController.m in Sources */ = {isa = PBXBuildFile; fileRef = C921484C16B58AF8007323D0 /* EWWebViewController.m */; };
		C921485216B59417007323D0 /* EWMAudioPlayerView.m in Sources */ = {isa = PBXBuildFile; fileRef = C921485116B59417007323D0 /* EWMAudioPlayerView.m */; };
		C921485416B59529007323D0 /* kycPlaceholder.mp3 in Resources */ = {isa = PBXBuildFile; fileRef = C921485316B59529007323D0 /* kycPlaceholder.mp3 */; };
		C921485616B598A3007323D0 /* AVFoundation.framework in Frameworks */ = {isa = PBXBuildFile; fileRef = C921485516B598A3007323D0 /* AVFoundation.framework */; };
		C921485916B59B4E007323D0 /* Reachability.m in Sources */ = {isa = PBXBuildFile; fileRef = C921485816B59B4E007323D0 /* Reachability.m */; };
		C921485B16B59B70007323D0 /* SystemConfiguration.framework in Frameworks */ = {isa = PBXBuildFile; fileRef = C921485A16B59B70007323D0 /* SystemConfiguration.framework */; };
		C921486216B59D7C007323D0 /* pause-audio.png in Resources */ = {isa = PBXBuildFile; fileRef = C921485E16B59D7C007323D0 /* pause-audio.png */; };
		C921486316B59D7C007323D0 /* play-audio.png in Resources */ = {isa = PBXBuildFile; fileRef = C921485F16B59D7C007323D0 /* play-audio.png */; };
		C921486616B59DC8007323D0 /* nav-backward.png in Resources */ = {isa = PBXBuildFile; fileRef = C921486416B59DC8007323D0 /* nav-backward.png */; };
		C921486716B59DC8007323D0 /* nav-forward.png in Resources */ = {isa = PBXBuildFile; fileRef = C921486516B59DC8007323D0 /* nav-forward.png */; };
		C921487416B5A25B007323D0 /* 05-shuffle.png in Resources */ = {isa = PBXBuildFile; fileRef = C921486816B5A25A007323D0 /* 05-shuffle.png */; };
		C921487516B5A25B007323D0 /* 07-map-marker.png in Resources */ = {isa = PBXBuildFile; fileRef = C921486916B5A25A007323D0 /* 07-map-marker.png */; };
		C921487616B5A25B007323D0 /* 09-chat2.png in Resources */ = {isa = PBXBuildFile; fileRef = C921486A16B5A25A007323D0 /* 09-chat2.png */; };
		C921487716B5A25B007323D0 /* 33-cabinet.png in Resources */ = {isa = PBXBuildFile; fileRef = C921486B16B5A25A007323D0 /* 33-cabinet.png */; };
		C921487816B5A25B007323D0 /* 44-shoebox.png in Resources */ = {isa = PBXBuildFile; fileRef = C921486C16B5A25A007323D0 /* 44-shoebox.png */; };
		C921487916B5A25B007323D0 /* 60-signpost.png in Resources */ = {isa = PBXBuildFile; fileRef = C921486D16B5A25A007323D0 /* 60-signpost.png */; };
		C921487A16B5A25B007323D0 /* 68-paperclip.png in Resources */ = {isa = PBXBuildFile; fileRef = C921486E16B5A25A007323D0 /* 68-paperclip.png */; };
		C921487B16B5A25B007323D0 /* 96-book.png in Resources */ = {isa = PBXBuildFile; fileRef = C921486F16B5A25A007323D0 /* 96-book.png */; };
		C921487C16B5A25B007323D0 /* 97-puzzle.png in Resources */ = {isa = PBXBuildFile; fileRef = C921487016B5A25A007323D0 /* 97-puzzle.png */; };
		C921487D16B5A25B007323D0 /* 103-map.png in Resources */ = {isa = PBXBuildFile; fileRef = C921487116B5A25A007323D0 /* 103-map.png */; };
		C921487E16B5A25B007323D0 /* 104-index-cards.png in Resources */ = {isa = PBXBuildFile; fileRef = C921487216B5A25A007323D0 /* 104-index-cards.png */; };
		C921487F16B5A25B007323D0 /* 123-id-card.png in Resources */ = {isa = PBXBuildFile; fileRef = C921487316B5A25A007323D0 /* 123-id-card.png */; };
		C92666ED169DC6920061F9AD /* UIKit.framework in Frameworks */ = {isa = PBXBuildFile; fileRef = C92666EC169DC6920061F9AD /* UIKit.framework */; };
		C92666EF169DC6920061F9AD /* Foundation.framework in Frameworks */ = {isa = PBXBuildFile; fileRef = C92666EE169DC6920061F9AD /* Foundation.framework */; };
		C92666F1169DC6920061F9AD /* CoreGraphics.framework in Frameworks */ = {isa = PBXBuildFile; fileRef = C92666F0169DC6920061F9AD /* CoreGraphics.framework */; };
		C92666F7169DC6920061F9AD /* InfoPlist.strings in Resources */ = {isa = PBXBuildFile; fileRef = C92666F5169DC6920061F9AD /* InfoPlist.strings */; };
		C92666F9169DC6920061F9AD /* main.m in Sources */ = {isa = PBXBuildFile; fileRef = C92666F8169DC6920061F9AD /* main.m */; };
		C93030E816AB320E0039D7B8 /* bill_hart.jpg in Resources */ = {isa = PBXBuildFile; fileRef = C93030E416AB320E0039D7B8 /* bill_hart.jpg */; };
		C93030E916AB320E0039D7B8 /* bill_hart@2x.jpg in Resources */ = {isa = PBXBuildFile; fileRef = C93030E516AB320E0039D7B8 /* bill_hart@2x.jpg */; };
		C93030EA16AB320E0039D7B8 /* guest_placeholder.jpg in Resources */ = {isa = PBXBuildFile; fileRef = C93030E616AB320E0039D7B8 /* guest_placeholder.jpg */; };
		C93030EB16AB320E0039D7B8 /* guest_placeholder@2x.jpg in Resources */ = {isa = PBXBuildFile; fileRef = C93030E716AB320E0039D7B8 /* guest_placeholder@2x.jpg */; };
		C93030EF16AB32E10039D7B8 /* HomeViewController.m in Sources */ = {isa = PBXBuildFile; fileRef = C93030EE16AB32E10039D7B8 /* HomeViewController.m */; };
		C93030F216AB33050039D7B8 /* ThemeViewController.m in Sources */ = {isa = PBXBuildFile; fileRef = C93030F116AB33050039D7B8 /* ThemeViewController.m */; };
		C93030F516AB33260039D7B8 /* StoryViewController.m in Sources */ = {isa = PBXBuildFile; fileRef = C93030F416AB33260039D7B8 /* StoryViewController.m */; };
		C93030F816AB33570039D7B8 /* GuestViewController.m in Sources */ = {isa = PBXBuildFile; fileRef = C93030F716AB33570039D7B8 /* GuestViewController.m */; };
		C93030FB16AB33710039D7B8 /* TidbitListViewController.m in Sources */ = {isa = PBXBuildFile; fileRef = C93030FA16AB33710039D7B8 /* TidbitListViewController.m */; };
		C93030FE16AB33890039D7B8 /* TidbitDetailViewController.m in Sources */ = {isa = PBXBuildFile; fileRef = C93030FD16AB33890039D7B8 /* TidbitDetailViewController.m */; };
		C930310116AB34C40039D7B8 /* about.html in Resources */ = {isa = PBXBuildFile; fileRef = C930310016AB34C40039D7B8 /* about.html */; };
		C930310D16AB43B50039D7B8 /* KYCPrivateConstants.m in Sources */ = {isa = PBXBuildFile; fileRef = C930310C16AB43B50039D7B8 /* KYCPrivateConstants.m */; };
		C930311016AB44D60039D7B8 /* KYCConstants.m in Sources */ = {isa = PBXBuildFile; fileRef = C930310F16AB44D60039D7B8 /* KYCConstants.m */; };
		C952427116B0311F00BD8F74 /* StoryStubView.m in Sources */ = {isa = PBXBuildFile; fileRef = C952427016B0311F00BD8F74 /* StoryStubView.m */; };
		C952427516B0313A00BD8F74 /* GuestStubView.m in Sources */ = {isa = PBXBuildFile; fileRef = C952427416B0313A00BD8F74 /* GuestStubView.m */; };
		C952427B16B0351600BD8F74 /* golden-west-ph.jpg in Resources */ = {isa = PBXBuildFile; fileRef = C952427716B0351600BD8F74 /* golden-west-ph.jpg */; };
		C952427C16B0351600BD8F74 /* greek-plaque-ph.jpg in Resources */ = {isa = PBXBuildFile; fileRef = C952427816B0351600BD8F74 /* greek-plaque-ph.jpg */; };
		C952427D16B0351600BD8F74 /* japantown-model-ph.jpg in Resources */ = {isa = PBXBuildFile; fileRef = C952427916B0351600BD8F74 /* japantown-model-ph.jpg */; };
		C952427E16B0351600BD8F74 /* new-market-ph.jpg in Resources */ = {isa = PBXBuildFile; fileRef = C952427A16B0351600BD8F74 /* new-market-ph.jpg */; };
		C952428116B03F4700BD8F74 /* UIColor+KYC.m in Sources */ = {isa = PBXBuildFile; fileRef = C952428016B03F4700BD8F74 /* UIColor+KYC.m */; };
		C960757016AC59B2004B2672 /* logo_header.png in Resources */ = {isa = PBXBuildFile; fileRef = C960756E16AC59B2004B2672 /* logo_header.png */; };
		C960757116AC59B2004B2672 /* logo_header@2x.png in Resources */ = {isa = PBXBuildFile; fileRef = C960756F16AC59B2004B2672 /* logo_header@2x.png */; };
		C960757516AC59C4004B2672 /* kyc-data.json in Resources */ = {isa = PBXBuildFile; fileRef = C960757416AC59C4004B2672 /* kyc-data.json */; };
		C960757E16AC59E7004B2672 /* kycCCBA.png in Resources */ = {isa = PBXBuildFile; fileRef = C960757716AC59E7004B2672 /* kycCCBA.png */; };
		C960757F16AC59E7004B2672 /* theme_placeholder.png in Resources */ = {isa = PBXBuildFile; fileRef = C960757816AC59E7004B2672 /* theme_placeholder.png */; };
		C960758016AC59E7004B2672 /* theme_placeholder@2x.png in Resources */ = {isa = PBXBuildFile; fileRef = C960757916AC59E7004B2672 /* theme_placeholder@2x.png */; };
		C960758116AC59E7004B2672 /* theme_tn_ph-b.png in Resources */ = {isa = PBXBuildFile; fileRef = C960757A16AC59E7004B2672 /* theme_tn_ph-b.png */; };
		C960758216AC59E7004B2672 /* theme_tn_ph-b@2x.png in Resources */ = {isa = PBXBuildFile; fileRef = C960757B16AC59E7004B2672 /* theme_tn_ph-b@2x.png */; };
		C960758316AC59E7004B2672 /* theme_tn_ph.png in Resources */ = {isa = PBXBuildFile; fileRef = C960757C16AC59E7004B2672 /* theme_tn_ph.png */; };
		C960758416AC59E7004B2672 /* theme_tn_ph@2x.png in Resources */ = {isa = PBXBuildFile; fileRef = C960757D16AC59E7004B2672 /* theme_tn_ph@2x.png */; };
		C960758816AC5A29004B2672 /* Icon.png in Resources */ = {isa = PBXBuildFile; fileRef = C960758616AC5A29004B2672 /* Icon.png */; };
		C960758916AC5A29004B2672 /* Icon@2x.png in Resources */ = {isa = PBXBuildFile; fileRef = C960758716AC5A29004B2672 /* Icon@2x.png */; };
		C960759616AC6CF5004B2672 /* JSONKit.m in Sources */ = {isa = PBXBuildFile; fileRef = C960759316AC6CF5004B2672 /* JSONKit.m */; settings = {COMPILER_FLAGS = "-fno-objc-arc"; }; };
		C960759D16AC6CFF004B2672 /* libTestFlight.a in Frameworks */ = {isa = PBXBuildFile; fileRef = C960759916AC6CFF004B2672 /* libTestFlight.a */; };
		C96075A116AC6DC8004B2672 /* libz.dylib in Frameworks */ = {isa = PBXBuildFile; fileRef = C96075A016AC6DC8004B2672 /* libz.dylib */; };
		C97B44E3169DCCDA008A2793 /* KYCAppDelegate.m in Sources */ = {isa = PBXBuildFile; fileRef = C97B44E0169DCCDA008A2793 /* KYCAppDelegate.m */; };
		C97B44E4169DCCDA008A2793 /* KYCViewController.m in Sources */ = {isa = PBXBuildFile; fileRef = C97B44E2169DCCDA008A2793 /* KYCViewController.m */; };
		C97B44ED169DCF48008A2793 /* Default-568h@2x.png in Resources */ = {isa = PBXBuildFile; fileRef = C97B44EA169DCF48008A2793 /* Default-568h@2x.png */; };
		C97B44EE169DCF48008A2793 /* Default.png in Resources */ = {isa = PBXBuildFile; fileRef = C97B44EB169DCF48008A2793 /* Default.png */; };
		C97B44EF169DCF48008A2793 /* Default@2x.png in Resources */ = {isa = PBXBuildFile; fileRef = C97B44EC169DCF48008A2793 /* Default@2x.png */; };
		C990649616B82B1B00421288 /* Accounts.framework in Frameworks */ = {isa = PBXBuildFile; fileRef = C990649316B82B1B00421288 /* Accounts.framework */; };
		C990649716B82B1B00421288 /* Social.framework in Frameworks */ = {isa = PBXBuildFile; fileRef = C990649416B82B1B00421288 /* Social.framework */; settings = {ATTRIBUTES = (Weak, ); }; };
		C990649816B82B1B00421288 /* Twitter.framework in Frameworks */ = {isa = PBXBuildFile; fileRef = C990649516B82B1B00421288 /* Twitter.framework */; };
		C9DE110116AD95FC00D93566 /* logo_header_black.png in Resources */ = {isa = PBXBuildFile; fileRef = C9DE10FF16AD95FC00D93566 /* logo_header_black.png */; };
		C9DE110216AD95FC00D93566 /* logo_header_black@2x.png in Resources */ = {isa = PBXBuildFile; fileRef = C9DE110016AD95FC00D93566 /* logo_header_black@2x.png */; };
		C9DE110616AD98ED00D93566 /* kycNavBarBlack.png in Resources */ = {isa = PBXBuildFile; fileRef = C9DE110416AD98ED00D93566 /* kycNavBarBlack.png */; };
		C9DE110716AD98ED00D93566 /* kycNavBarBlack@2x.png in Resources */ = {isa = PBXBuildFile; fileRef = C9DE110516AD98ED00D93566 /* kycNavBarBlack@2x.png */; };
/* End PBXBuildFile section */

/* Begin PBXFileReference section */
		C921484B16B58AF8007323D0 /* EWWebViewController.h */ = {isa = PBXFileReference; fileEncoding = 4; lastKnownFileType = sourcecode.c.h; name = EWWebViewController.h; path = EWMShared/EWWebViewController.h; sourceTree = "<group>"; };
		C921484C16B58AF8007323D0 /* EWWebViewController.m */ = {isa = PBXFileReference; fileEncoding = 4; lastKnownFileType = sourcecode.c.objc; name = EWWebViewController.m; path = EWMShared/EWWebViewController.m; sourceTree = "<group>"; };
		C921485016B59417007323D0 /* EWMAudioPlayerView.h */ = {isa = PBXFileReference; fileEncoding = 4; lastKnownFileType = sourcecode.c.h; name = EWMAudioPlayerView.h; path = EWMShared/EWMAudioPlayerView.h; sourceTree = "<group>"; };
		C921485116B59417007323D0 /* EWMAudioPlayerView.m */ = {isa = PBXFileReference; fileEncoding = 4; lastKnownFileType = sourcecode.c.objc; name = EWMAudioPlayerView.m; path = EWMShared/EWMAudioPlayerView.m; sourceTree = "<group>"; };
		C921485316B59529007323D0 /* kycPlaceholder.mp3 */ = {isa = PBXFileReference; lastKnownFileType = audio.mp3; name = kycPlaceholder.mp3; path = Resources/audio/kycPlaceholder.mp3; sourceTree = "<group>"; };
		C921485516B598A3007323D0 /* AVFoundation.framework */ = {isa = PBXFileReference; lastKnownFileType = wrapper.framework; name = AVFoundation.framework; path = System/Library/Frameworks/AVFoundation.framework; sourceTree = SDKROOT; };
		C921485716B59B4E007323D0 /* Reachability.h */ = {isa = PBXFileReference; fileEncoding = 4; lastKnownFileType = sourcecode.c.h; name = Reachability.h; path = 3rdParty/Reachability.h; sourceTree = "<group>"; };
		C921485816B59B4E007323D0 /* Reachability.m */ = {isa = PBXFileReference; fileEncoding = 4; lastKnownFileType = sourcecode.c.objc; name = Reachability.m; path = 3rdParty/Reachability.m; sourceTree = "<group>"; };
		C921485A16B59B70007323D0 /* SystemConfiguration.framework */ = {isa = PBXFileReference; lastKnownFileType = wrapper.framework; name = SystemConfiguration.framework; path = System/Library/Frameworks/SystemConfiguration.framework; sourceTree = SDKROOT; };
		C921485E16B59D7C007323D0 /* pause-audio.png */ = {isa = PBXFileReference; lastKnownFileType = image.png; name = "pause-audio.png"; path = "Resources/graphics/pause-audio.png"; sourceTree = "<group>"; };
		C921485F16B59D7C007323D0 /* play-audio.png */ = {isa = PBXFileReference; lastKnownFileType = image.png; name = "play-audio.png"; path = "Resources/graphics/play-audio.png"; sourceTree = "<group>"; };
		C921486416B59DC8007323D0 /* nav-backward.png */ = {isa = PBXFileReference; lastKnownFileType = image.png; name = "nav-backward.png"; path = "Resources/graphics/nav-backward.png"; sourceTree = "<group>"; };
		C921486516B59DC8007323D0 /* nav-forward.png */ = {isa = PBXFileReference; lastKnownFileType = image.png; name = "nav-forward.png"; path = "Resources/graphics/nav-forward.png"; sourceTree = "<group>"; };
		C921486816B5A25A007323D0 /* 05-shuffle.png */ = {isa = PBXFileReference; lastKnownFileType = image.png; name = "05-shuffle.png"; path = "Resources/graphics/05-shuffle.png"; sourceTree = "<group>"; };
		C921486916B5A25A007323D0 /* 07-map-marker.png */ = {isa = PBXFileReference; lastKnownFileType = image.png; name = "07-map-marker.png"; path = "Resources/graphics/07-map-marker.png"; sourceTree = "<group>"; };
		C921486A16B5A25A007323D0 /* 09-chat2.png */ = {isa = PBXFileReference; lastKnownFileType = image.png; name = "09-chat2.png"; path = "Resources/graphics/09-chat2.png"; sourceTree = "<group>"; };
		C921486B16B5A25A007323D0 /* 33-cabinet.png */ = {isa = PBXFileReference; lastKnownFileType = image.png; name = "33-cabinet.png"; path = "Resources/graphics/33-cabinet.png"; sourceTree = "<group>"; };
		C921486C16B5A25A007323D0 /* 44-shoebox.png */ = {isa = PBXFileReference; lastKnownFileType = image.png; name = "44-shoebox.png"; path = "Resources/graphics/44-shoebox.png"; sourceTree = "<group>"; };
		C921486D16B5A25A007323D0 /* 60-signpost.png */ = {isa = PBXFileReference; lastKnownFileType = image.png; name = "60-signpost.png"; path = "Resources/graphics/60-signpost.png"; sourceTree = "<group>"; };
		C921486E16B5A25A007323D0 /* 68-paperclip.png */ = {isa = PBXFileReference; lastKnownFileType = image.png; name = "68-paperclip.png"; path = "Resources/graphics/68-paperclip.png"; sourceTree = "<group>"; };
		C921486F16B5A25A007323D0 /* 96-book.png */ = {isa = PBXFileReference; lastKnownFileType = image.png; name = "96-book.png"; path = "Resources/graphics/96-book.png"; sourceTree = "<group>"; };
		C921487016B5A25A007323D0 /* 97-puzzle.png */ = {isa = PBXFileReference; lastKnownFileType = image.png; name = "97-puzzle.png"; path = "Resources/graphics/97-puzzle.png"; sourceTree = "<group>"; };
		C921487116B5A25A007323D0 /* 103-map.png */ = {isa = PBXFileReference; lastKnownFileType = image.png; name = "103-map.png"; path = "Resources/graphics/103-map.png"; sourceTree = "<group>"; };
		C921487216B5A25A007323D0 /* 104-index-cards.png */ = {isa = PBXFileReference; lastKnownFileType = image.png; name = "104-index-cards.png"; path = "Resources/graphics/104-index-cards.png"; sourceTree = "<group>"; };
		C921487316B5A25A007323D0 /* 123-id-card.png */ = {isa = PBXFileReference; lastKnownFileType = image.png; name = "123-id-card.png"; path = "Resources/graphics/123-id-card.png"; sourceTree = "<group>"; };
		C92666E8169DC6920061F9AD /* knowYourCity.app */ = {isa = PBXFileReference; explicitFileType = wrapper.application; includeInIndex = 0; path = knowYourCity.app; sourceTree = BUILT_PRODUCTS_DIR; };
		C92666EC169DC6920061F9AD /* UIKit.framework */ = {isa = PBXFileReference; lastKnownFileType = wrapper.framework; name = UIKit.framework; path = System/Library/Frameworks/UIKit.framework; sourceTree = SDKROOT; };
		C92666EE169DC6920061F9AD /* Foundation.framework */ = {isa = PBXFileReference; lastKnownFileType = wrapper.framework; name = Foundation.framework; path = System/Library/Frameworks/Foundation.framework; sourceTree = SDKROOT; };
		C92666F0169DC6920061F9AD /* CoreGraphics.framework */ = {isa = PBXFileReference; lastKnownFileType = wrapper.framework; name = CoreGraphics.framework; path = System/Library/Frameworks/CoreGraphics.framework; sourceTree = SDKROOT; };
		C92666F4169DC6920061F9AD /* knowYourCity-Info.plist */ = {isa = PBXFileReference; lastKnownFileType = text.plist.xml; path = "knowYourCity-Info.plist"; sourceTree = "<group>"; };
		C92666F6169DC6920061F9AD /* en */ = {isa = PBXFileReference; lastKnownFileType = text.plist.strings; name = en; path = en.lproj/InfoPlist.strings; sourceTree = "<group>"; };
		C92666F8169DC6920061F9AD /* main.m */ = {isa = PBXFileReference; lastKnownFileType = sourcecode.c.objc; path = main.m; sourceTree = "<group>"; };
		C92666FA169DC6920061F9AD /* knowYourCity-Prefix.pch */ = {isa = PBXFileReference; lastKnownFileType = sourcecode.c.h; path = "knowYourCity-Prefix.pch"; sourceTree = "<group>"; };
		C93030E416AB320E0039D7B8 /* bill_hart.jpg */ = {isa = PBXFileReference; lastKnownFileType = image.jpeg; path = bill_hart.jpg; sourceTree = "<group>"; };
		C93030E516AB320E0039D7B8 /* bill_hart@2x.jpg */ = {isa = PBXFileReference; lastKnownFileType = image.jpeg; path = "bill_hart@2x.jpg"; sourceTree = "<group>"; };
		C93030E616AB320E0039D7B8 /* guest_placeholder.jpg */ = {isa = PBXFileReference; lastKnownFileType = image.jpeg; name = guest_placeholder.jpg; path = Resources/photos/guest_placeholder.jpg; sourceTree = "<group>"; };
		C93030E716AB320E0039D7B8 /* guest_placeholder@2x.jpg */ = {isa = PBXFileReference; lastKnownFileType = image.jpeg; name = "guest_placeholder@2x.jpg"; path = "Resources/photos/guest_placeholder@2x.jpg"; sourceTree = "<group>"; };
		C93030ED16AB32E10039D7B8 /* HomeViewController.h */ = {isa = PBXFileReference; fileEncoding = 4; lastKnownFileType = sourcecode.c.h; name = HomeViewController.h; path = Classes/HomeViewController.h; sourceTree = "<group>"; };
		C93030EE16AB32E10039D7B8 /* HomeViewController.m */ = {isa = PBXFileReference; fileEncoding = 4; lastKnownFileType = sourcecode.c.objc; name = HomeViewController.m; path = Classes/HomeViewController.m; sourceTree = "<group>"; };
		C93030F016AB33050039D7B8 /* ThemeViewController.h */ = {isa = PBXFileReference; fileEncoding = 4; lastKnownFileType = sourcecode.c.h; name = ThemeViewController.h; path = Classes/ThemeViewController.h; sourceTree = "<group>"; };
		C93030F116AB33050039D7B8 /* ThemeViewController.m */ = {isa = PBXFileReference; fileEncoding = 4; lastKnownFileType = sourcecode.c.objc; name = ThemeViewController.m; path = Classes/ThemeViewController.m; sourceTree = "<group>"; };
		C93030F316AB33260039D7B8 /* StoryViewController.h */ = {isa = PBXFileReference; fileEncoding = 4; lastKnownFileType = sourcecode.c.h; name = StoryViewController.h; path = Classes/StoryViewController.h; sourceTree = "<group>"; };
		C93030F416AB33260039D7B8 /* StoryViewController.m */ = {isa = PBXFileReference; fileEncoding = 4; lastKnownFileType = sourcecode.c.objc; name = StoryViewController.m; path = Classes/StoryViewController.m; sourceTree = "<group>"; };
		C93030F616AB33570039D7B8 /* GuestViewController.h */ = {isa = PBXFileReference; fileEncoding = 4; lastKnownFileType = sourcecode.c.h; name = GuestViewController.h; path = Classes/GuestViewController.h; sourceTree = "<group>"; };
		C93030F716AB33570039D7B8 /* GuestViewController.m */ = {isa = PBXFileReference; fileEncoding = 4; lastKnownFileType = sourcecode.c.objc; name = GuestViewController.m; path = Classes/GuestViewController.m; sourceTree = "<group>"; };
		C93030F916AB33710039D7B8 /* TidbitListViewController.h */ = {isa = PBXFileReference; fileEncoding = 4; lastKnownFileType = sourcecode.c.h; name = TidbitListViewController.h; path = Classes/TidbitListViewController.h; sourceTree = "<group>"; };
		C93030FA16AB33710039D7B8 /* TidbitListViewController.m */ = {isa = PBXFileReference; fileEncoding = 4; lastKnownFileType = sourcecode.c.objc; name = TidbitListViewController.m; path = Classes/TidbitListViewController.m; sourceTree = "<group>"; };
		C93030FC16AB33890039D7B8 /* TidbitDetailViewController.h */ = {isa = PBXFileReference; fileEncoding = 4; lastKnownFileType = sourcecode.c.h; name = TidbitDetailViewController.h; path = Classes/TidbitDetailViewController.h; sourceTree = "<group>"; };
		C93030FD16AB33890039D7B8 /* TidbitDetailViewController.m */ = {isa = PBXFileReference; fileEncoding = 4; lastKnownFileType = sourcecode.c.objc; name = TidbitDetailViewController.m; path = Classes/TidbitDetailViewController.m; sourceTree = "<group>"; };
		C930310016AB34C40039D7B8 /* about.html */ = {isa = PBXFileReference; fileEncoding = 4; lastKnownFileType = text.html; path = about.html; sourceTree = "<group>"; };
		C930310B16AB43B50039D7B8 /* KYCPrivateConstants.h */ = {isa = PBXFileReference; fileEncoding = 4; lastKnownFileType = sourcecode.c.h; name = KYCPrivateConstants.h; path = Classes/KYCPrivateConstants.h; sourceTree = "<group>"; };
		C930310C16AB43B50039D7B8 /* KYCPrivateConstants.m */ = {isa = PBXFileReference; fileEncoding = 4; lastKnownFileType = sourcecode.c.objc; name = KYCPrivateConstants.m; path = Classes/KYCPrivateConstants.m; sourceTree = "<group>"; };
		C930310E16AB44D60039D7B8 /* KYCConstants.h */ = {isa = PBXFileReference; fileEncoding = 4; lastKnownFileType = sourcecode.c.h; name = KYCConstants.h; path = Classes/KYCConstants.h; sourceTree = "<group>"; };
		C930310F16AB44D60039D7B8 /* KYCConstants.m */ = {isa = PBXFileReference; fileEncoding = 4; lastKnownFileType = sourcecode.c.objc; name = KYCConstants.m; path = Classes/KYCConstants.m; sourceTree = "<group>"; };
		C952426F16B0311F00BD8F74 /* StoryStubView.h */ = {isa = PBXFileReference; fileEncoding = 4; lastKnownFileType = sourcecode.c.h; name = StoryStubView.h; path = Classes/StoryStubView.h; sourceTree = "<group>"; };
		C952427016B0311F00BD8F74 /* StoryStubView.m */ = {isa = PBXFileReference; fileEncoding = 4; lastKnownFileType = sourcecode.c.objc; name = StoryStubView.m; path = Classes/StoryStubView.m; sourceTree = "<group>"; };
		C952427316B0313A00BD8F74 /* GuestStubView.h */ = {isa = PBXFileReference; fileEncoding = 4; lastKnownFileType = sourcecode.c.h; name = GuestStubView.h; path = Classes/GuestStubView.h; sourceTree = "<group>"; };
		C952427416B0313A00BD8F74 /* GuestStubView.m */ = {isa = PBXFileReference; fileEncoding = 4; lastKnownFileType = sourcecode.c.objc; name = GuestStubView.m; path = Classes/GuestStubView.m; sourceTree = "<group>"; };
		C952427716B0351600BD8F74 /* golden-west-ph.jpg */ = {isa = PBXFileReference; lastKnownFileType = image.jpeg; name = "golden-west-ph.jpg"; path = "Resources/photos/golden-west-ph.jpg"; sourceTree = "<group>"; };
		C952427816B0351600BD8F74 /* greek-plaque-ph.jpg */ = {isa = PBXFileReference; lastKnownFileType = image.jpeg; name = "greek-plaque-ph.jpg"; path = "Resources/photos/greek-plaque-ph.jpg"; sourceTree = "<group>"; };
		C952427916B0351600BD8F74 /* japantown-model-ph.jpg */ = {isa = PBXFileReference; lastKnownFileType = image.jpeg; name = "japantown-model-ph.jpg"; path = "Resources/photos/japantown-model-ph.jpg"; sourceTree = "<group>"; };
		C952427A16B0351600BD8F74 /* new-market-ph.jpg */ = {isa = PBXFileReference; lastKnownFileType = image.jpeg; name = "new-market-ph.jpg"; path = "Resources/photos/new-market-ph.jpg"; sourceTree = "<group>"; };
		C952427F16B03F4700BD8F74 /* UIColor+KYC.h */ = {isa = PBXFileReference; fileEncoding = 4; lastKnownFileType = sourcecode.c.h; name = "UIColor+KYC.h"; path = "Classes/UIColor+KYC.h"; sourceTree = "<group>"; };
		C952428016B03F4700BD8F74 /* UIColor+KYC.m */ = {isa = PBXFileReference; fileEncoding = 4; lastKnownFileType = sourcecode.c.objc; name = "UIColor+KYC.m"; path = "Classes/UIColor+KYC.m"; sourceTree = "<group>"; };
		C960756E16AC59B2004B2672 /* logo_header.png */ = {isa = PBXFileReference; lastKnownFileType = image.png; path = logo_header.png; sourceTree = "<group>"; };
		C960756F16AC59B2004B2672 /* logo_header@2x.png */ = {isa = PBXFileReference; lastKnownFileType = image.png; path = "logo_header@2x.png"; sourceTree = "<group>"; };
		C960757416AC59C4004B2672 /* kyc-data.json */ = {isa = PBXFileReference; fileEncoding = 4; lastKnownFileType = text.json; path = "kyc-data.json"; sourceTree = "<group>"; };
		C960757716AC59E7004B2672 /* kycCCBA.png */ = {isa = PBXFileReference; lastKnownFileType = image.png; path = kycCCBA.png; sourceTree = "<group>"; };
		C960757816AC59E7004B2672 /* theme_placeholder.png */ = {isa = PBXFileReference; lastKnownFileType = image.png; name = theme_placeholder.png; path = "Resources/theme-illustrations/theme_placeholder.png"; sourceTree = "<group>"; };
		C960757916AC59E7004B2672 /* theme_placeholder@2x.png */ = {isa = PBXFileReference; lastKnownFileType = image.png; name = "theme_placeholder@2x.png"; path = "Resources/theme-illustrations/theme_placeholder@2x.png"; sourceTree = "<group>"; };
		C960757A16AC59E7004B2672 /* theme_tn_ph-b.png */ = {isa = PBXFileReference; lastKnownFileType = image.png; name = "theme_tn_ph-b.png"; path = "Resources/theme-illustrations/theme_tn_ph-b.png"; sourceTree = "<group>"; };
		C960757B16AC59E7004B2672 /* theme_tn_ph-b@2x.png */ = {isa = PBXFileReference; lastKnownFileType = image.png; name = "theme_tn_ph-b@2x.png"; path = "Resources/theme-illustrations/theme_tn_ph-b@2x.png"; sourceTree = "<group>"; };
		C960757C16AC59E7004B2672 /* theme_tn_ph.png */ = {isa = PBXFileReference; lastKnownFileType = image.png; name = theme_tn_ph.png; path = "Resources/theme-illustrations/theme_tn_ph.png"; sourceTree = "<group>"; };
		C960757D16AC59E7004B2672 /* theme_tn_ph@2x.png */ = {isa = PBXFileReference; lastKnownFileType = image.png; name = "theme_tn_ph@2x.png"; path = "Resources/theme-illustrations/theme_tn_ph@2x.png"; sourceTree = "<group>"; };
		C960758616AC5A29004B2672 /* Icon.png */ = {isa = PBXFileReference; lastKnownFileType = image.png; path = Icon.png; sourceTree = "<group>"; };
		C960758716AC5A29004B2672 /* Icon@2x.png */ = {isa = PBXFileReference; lastKnownFileType = image.png; path = "Icon@2x.png"; sourceTree = "<group>"; };
		C960759116AC6CF5004B2672 /* CHANGELOG.md */ = {isa = PBXFileReference; fileEncoding = 4; lastKnownFileType = text; path = CHANGELOG.md; sourceTree = "<group>"; };
		C960759216AC6CF5004B2672 /* JSONKit.h */ = {isa = PBXFileReference; fileEncoding = 4; lastKnownFileType = sourcecode.c.h; path = JSONKit.h; sourceTree = "<group>"; };
		C960759316AC6CF5004B2672 /* JSONKit.m */ = {isa = PBXFileReference; fileEncoding = 4; lastKnownFileType = sourcecode.c.objc; path = JSONKit.m; sourceTree = "<group>"; };
		C960759416AC6CF5004B2672 /* README.md */ = {isa = PBXFileReference; fileEncoding = 4; lastKnownFileType = text; path = README.md; sourceTree = "<group>"; };
		C960759916AC6CFF004B2672 /* libTestFlight.a */ = {isa = PBXFileReference; lastKnownFileType = archive.ar; path = libTestFlight.a; sourceTree = "<group>"; };
		C960759A16AC6CFF004B2672 /* README.md */ = {isa = PBXFileReference; fileEncoding = 4; lastKnownFileType = text; path = README.md; sourceTree = "<group>"; };
		C960759B16AC6CFF004B2672 /* release_notes.md */ = {isa = PBXFileReference; fileEncoding = 4; lastKnownFileType = text; path = release_notes.md; sourceTree = "<group>"; };
		C960759C16AC6CFF004B2672 /* TestFlight.h */ = {isa = PBXFileReference; fileEncoding = 4; lastKnownFileType = sourcecode.c.h; path = TestFlight.h; sourceTree = "<group>"; };
		C96075A016AC6DC8004B2672 /* libz.dylib */ = {isa = PBXFileReference; lastKnownFileType = "compiled.mach-o.dylib"; name = libz.dylib; path = usr/lib/libz.dylib; sourceTree = SDKROOT; };
		C97B44DF169DCCDA008A2793 /* KYCAppDelegate.h */ = {isa = PBXFileReference; fileEncoding = 4; lastKnownFileType = sourcecode.c.h; name = KYCAppDelegate.h; path = Classes/KYCAppDelegate.h; sourceTree = "<group>"; };
		C97B44E0169DCCDA008A2793 /* KYCAppDelegate.m */ = {isa = PBXFileReference; fileEncoding = 4; lastKnownFileType = sourcecode.c.objc; name = KYCAppDelegate.m; path = Classes/KYCAppDelegate.m; sourceTree = "<group>"; };
		C97B44E1169DCCDA008A2793 /* KYCViewController.h */ = {isa = PBXFileReference; fileEncoding = 4; lastKnownFileType = sourcecode.c.h; name = KYCViewController.h; path = Classes/KYCViewController.h; sourceTree = "<group>"; };
		C97B44E2169DCCDA008A2793 /* KYCViewController.m */ = {isa = PBXFileReference; fileEncoding = 4; lastKnownFileType = sourcecode.c.objc; name = KYCViewController.m; path = Classes/KYCViewController.m; sourceTree = "<group>"; };
		C97B44EA169DCF48008A2793 /* Default-568h@2x.png */ = {isa = PBXFileReference; lastKnownFileType = image.png; name = "Default-568h@2x.png"; path = "Resources/default/Default-568h@2x.png"; sourceTree = "<group>"; };
		C97B44EB169DCF48008A2793 /* Default.png */ = {isa = PBXFileReference; lastKnownFileType = image.png; name = Default.png; path = Resources/default/Default.png; sourceTree = "<group>"; };
		C97B44EC169DCF48008A2793 /* Default@2x.png */ = {isa = PBXFileReference; lastKnownFileType = image.png; name = "Default@2x.png"; path = "Resources/default/Default@2x.png"; sourceTree = "<group>"; };
		C990649316B82B1B00421288 /* Accounts.framework */ = {isa = PBXFileReference; lastKnownFileType = wrapper.framework; name = Accounts.framework; path = System/Library/Frameworks/Accounts.framework; sourceTree = SDKROOT; };
		C990649416B82B1B00421288 /* Social.framework */ = {isa = PBXFileReference; lastKnownFileType = wrapper.framework; name = Social.framework; path = System/Library/Frameworks/Social.framework; sourceTree = SDKROOT; };
		C990649516B82B1B00421288 /* Twitter.framework */ = {isa = PBXFileReference; lastKnownFileType = wrapper.framework; name = Twitter.framework; path = System/Library/Frameworks/Twitter.framework; sourceTree = SDKROOT; };
		C9DE10FF16AD95FC00D93566 /* logo_header_black.png */ = {isa = PBXFileReference; lastKnownFileType = image.png; path = logo_header_black.png; sourceTree = "<group>"; };
		C9DE110016AD95FC00D93566 /* logo_header_black@2x.png */ = {isa = PBXFileReference; lastKnownFileType = image.png; path = "logo_header_black@2x.png"; sourceTree = "<group>"; };
		C9DE110416AD98ED00D93566 /* kycNavBarBlack.png */ = {isa = PBXFileReference; lastKnownFileType = image.png; path = kycNavBarBlack.png; sourceTree = "<group>"; };
		C9DE110516AD98ED00D93566 /* kycNavBarBlack@2x.png */ = {isa = PBXFileReference; lastKnownFileType = image.png; path = "kycNavBarBlack@2x.png"; sourceTree = "<group>"; };
/* End PBXFileReference section */

/* Begin PBXFrameworksBuildPhase section */
		C92666E5169DC6920061F9AD /* Frameworks */ = {
			isa = PBXFrameworksBuildPhase;
			buildActionMask = 2147483647;
			files = (
				C990649616B82B1B00421288 /* Accounts.framework in Frameworks */,
				C990649716B82B1B00421288 /* Social.framework in Frameworks */,
				C990649816B82B1B00421288 /* Twitter.framework in Frameworks */,
				C921485B16B59B70007323D0 /* SystemConfiguration.framework in Frameworks */,
				C921485616B598A3007323D0 /* AVFoundation.framework in Frameworks */,
				C96075A116AC6DC8004B2672 /* libz.dylib in Frameworks */,
				C92666ED169DC6920061F9AD /* UIKit.framework in Frameworks */,
				C92666EF169DC6920061F9AD /* Foundation.framework in Frameworks */,
				C92666F1169DC6920061F9AD /* CoreGraphics.framework in Frameworks */,
				C960759D16AC6CFF004B2672 /* libTestFlight.a in Frameworks */,
			);
			runOnlyForDeploymentPostprocessing = 0;
		};
/* End PBXFrameworksBuildPhase section */

/* Begin PBXGroup section */
		C92666DD169DC6920061F9AD = {
			isa = PBXGroup;
			children = (
				C92666F2169DC6920061F9AD /* knowYourCity */,
				C92666EB169DC6920061F9AD /* Frameworks */,
				C92666E9169DC6920061F9AD /* Products */,
			);
			sourceTree = "<group>";
		};
		C92666E9169DC6920061F9AD /* Products */ = {
			isa = PBXGroup;
			children = (
				C92666E8169DC6920061F9AD /* knowYourCity.app */,
			);
			name = Products;
			sourceTree = "<group>";
		};
		C92666EB169DC6920061F9AD /* Frameworks */ = {
			isa = PBXGroup;
			children = (
				C990649316B82B1B00421288 /* Accounts.framework */,
				C990649416B82B1B00421288 /* Social.framework */,
				C990649516B82B1B00421288 /* Twitter.framework */,
				C96075A016AC6DC8004B2672 /* libz.dylib */,
				C921485516B598A3007323D0 /* AVFoundation.framework */,
				C92666EC169DC6920061F9AD /* UIKit.framework */,
				C92666EE169DC6920061F9AD /* Foundation.framework */,
				C921485A16B59B70007323D0 /* SystemConfiguration.framework */,
				C92666F0169DC6920061F9AD /* CoreGraphics.framework */,
			);
			name = Frameworks;
			sourceTree = "<group>";
		};
		C92666F2169DC6920061F9AD /* knowYourCity */ = {
			isa = PBXGroup;
			children = (
				C97B44DF169DCCDA008A2793 /* KYCAppDelegate.h */,
				C97B44E0169DCCDA008A2793 /* KYCAppDelegate.m */,
				C97B44E7169DCD54008A2793 /* Models */,
				C97B44E6169DCD3C008A2793 /* ViewControllers */,
				C97B44E8169DCD77008A2793 /* EWMSharedClasses */,
				C97B44E5169DCD20008A2793 /* Resources */,
				C960758E16AC6CDF004B2672 /* 3rdParty */,
				C92666F3169DC6920061F9AD /* Supporting Files */,
			);
			path = knowYourCity;
			sourceTree = "<group>";
		};
		C92666F3169DC6920061F9AD /* Supporting Files */ = {
			isa = PBXGroup;
			children = (
				C92666F4169DC6920061F9AD /* knowYourCity-Info.plist */,
				C92666F5169DC6920061F9AD /* InfoPlist.strings */,
				C92666F8169DC6920061F9AD /* main.m */,
				C92666FA169DC6920061F9AD /* knowYourCity-Prefix.pch */,
			);
			name = "Supporting Files";
			sourceTree = "<group>";
		};
		C93030E316AB320E0039D7B8 /* photos */ = {
			isa = PBXGroup;
			children = (
				C93030E416AB320E0039D7B8 /* bill_hart.jpg */,
				C93030E516AB320E0039D7B8 /* bill_hart@2x.jpg */,
			);
			name = photos;
			path = Resources/photos;
			sourceTree = "<group>";
		};
		C93030FF16AB34C40039D7B8 /* html */ = {
			isa = PBXGroup;
			children = (
				C930310016AB34C40039D7B8 /* about.html */,
			);
			name = html;
			path = Resources/html;
			sourceTree = "<group>";
		};
		C952427616B0350400BD8F74 /* placeholders */ = {
			isa = PBXGroup;
			children = (
				C921486816B5A25A007323D0 /* 05-shuffle.png */,
				C921486916B5A25A007323D0 /* 07-map-marker.png */,
				C921486A16B5A25A007323D0 /* 09-chat2.png */,
				C921486B16B5A25A007323D0 /* 33-cabinet.png */,
				C921486C16B5A25A007323D0 /* 44-shoebox.png */,
				C921486D16B5A25A007323D0 /* 60-signpost.png */,
				C921486E16B5A25A007323D0 /* 68-paperclip.png */,
				C921486F16B5A25A007323D0 /* 96-book.png */,
				C921487016B5A25A007323D0 /* 97-puzzle.png */,
				C921487116B5A25A007323D0 /* 103-map.png */,
				C921487216B5A25A007323D0 /* 104-index-cards.png */,
				C921487316B5A25A007323D0 /* 123-id-card.png */,
				C921486416B59DC8007323D0 /* nav-backward.png */,
				C921486516B59DC8007323D0 /* nav-forward.png */,
				C921485E16B59D7C007323D0 /* pause-audio.png */,
				C921485F16B59D7C007323D0 /* play-audio.png */,
				C921485316B59529007323D0 /* kycPlaceholder.mp3 */,
				C952427716B0351600BD8F74 /* golden-west-ph.jpg */,
				C952427816B0351600BD8F74 /* greek-plaque-ph.jpg */,
				C952427916B0351600BD8F74 /* japantown-model-ph.jpg */,
				C952427A16B0351600BD8F74 /* new-market-ph.jpg */,
				C93030E616AB320E0039D7B8 /* guest_placeholder.jpg */,
				C93030E716AB320E0039D7B8 /* guest_placeholder@2x.jpg */,
				C960757816AC59E7004B2672 /* theme_placeholder.png */,
				C960757916AC59E7004B2672 /* theme_placeholder@2x.png */,
				C960757A16AC59E7004B2672 /* theme_tn_ph-b.png */,
				C960757B16AC59E7004B2672 /* theme_tn_ph-b@2x.png */,
				C960757C16AC59E7004B2672 /* theme_tn_ph.png */,
				C960757D16AC59E7004B2672 /* theme_tn_ph@2x.png */,
			);
			name = placeholders;
			sourceTree = "<group>";
		};
		C960756D16AC59B2004B2672 /* graphics */ = {
			isa = PBXGroup;
			children = (
				C9DE110416AD98ED00D93566 /* kycNavBarBlack.png */,
				C9DE110516AD98ED00D93566 /* kycNavBarBlack@2x.png */,
				C9DE10FF16AD95FC00D93566 /* logo_header_black.png */,
				C9DE110016AD95FC00D93566 /* logo_header_black@2x.png */,
				C960756E16AC59B2004B2672 /* logo_header.png */,
				C960756F16AC59B2004B2672 /* logo_header@2x.png */,
			);
			name = graphics;
			path = Resources/graphics;
			sourceTree = "<group>";
		};
		C960757316AC59C4004B2672 /* json */ = {
			isa = PBXGroup;
			children = (
				C960757416AC59C4004B2672 /* kyc-data.json */,
			);
			name = json;
			path = Resources/json;
			sourceTree = "<group>";
		};
		C960757616AC59E7004B2672 /* theme-illustrations */ = {
			isa = PBXGroup;
			children = (
				C960757716AC59E7004B2672 /* kycCCBA.png */,
			);
			name = "theme-illustrations";
			path = "Resources/theme-illustrations";
			sourceTree = "<group>";
		};
		C960758516AC5A29004B2672 /* icons */ = {
			isa = PBXGroup;
			children = (
				C960758616AC5A29004B2672 /* Icon.png */,
				C960758716AC5A29004B2672 /* Icon@2x.png */,
			);
			name = icons;
			path = Resources/icons;
			sourceTree = "<group>";
		};
		C960758E16AC6CDF004B2672 /* 3rdParty */ = {
			isa = PBXGroup;
			children = (
				C921485716B59B4E007323D0 /* Reachability.h */,
				C921485816B59B4E007323D0 /* Reachability.m */,
				C960759016AC6CF5004B2672 /* JSONKit */,
				C960759816AC6CFF004B2672 /* TestFlightSDK1.1 */,
			);
			name = 3rdParty;
			sourceTree = "<group>";
		};
		C960759016AC6CF5004B2672 /* JSONKit */ = {
			isa = PBXGroup;
			children = (
				C960759116AC6CF5004B2672 /* CHANGELOG.md */,
				C960759216AC6CF5004B2672 /* JSONKit.h */,
				C960759316AC6CF5004B2672 /* JSONKit.m */,
				C960759416AC6CF5004B2672 /* README.md */,
			);
			name = JSONKit;
			path = 3rdParty/JSONKit;
			sourceTree = "<group>";
		};
		C960759816AC6CFF004B2672 /* TestFlightSDK1.1 */ = {
			isa = PBXGroup;
			children = (
				C960759916AC6CFF004B2672 /* libTestFlight.a */,
				C960759A16AC6CFF004B2672 /* README.md */,
				C960759B16AC6CFF004B2672 /* release_notes.md */,
				C960759C16AC6CFF004B2672 /* TestFlight.h */,
			);
			name = TestFlightSDK1.1;
			path = 3rdParty/TestFlightSDK1.1;
			sourceTree = "<group>";
		};
		C97B44E5169DCD20008A2793 /* Resources */ = {
			isa = PBXGroup;
			children = (
				C952427616B0350400BD8F74 /* placeholders */,
				C97B44E9169DCD95008A2793 /* default */,
				C960756D16AC59B2004B2672 /* graphics */,
				C93030FF16AB34C40039D7B8 /* html */,
				C960758516AC5A29004B2672 /* icons */,
				C960757316AC59C4004B2672 /* json */,
				C93030E316AB320E0039D7B8 /* photos */,
				C960757616AC59E7004B2672 /* theme-illustrations */,
			);
			name = Resources;
			sourceTree = "<group>";
		};
		C97B44E6169DCD3C008A2793 /* ViewControllers */ = {
			isa = PBXGroup;
			children = (
				C97B44E1169DCCDA008A2793 /* KYCViewController.h */,
				C97B44E2169DCCDA008A2793 /* KYCViewController.m */,
				C93030ED16AB32E10039D7B8 /* HomeViewController.h */,
				C93030EE16AB32E10039D7B8 /* HomeViewController.m */,
				C93030F016AB33050039D7B8 /* ThemeViewController.h */,
				C93030F116AB33050039D7B8 /* ThemeViewController.m */,
				C952426F16B0311F00BD8F74 /* StoryStubView.h */,
				C952427016B0311F00BD8F74 /* StoryStubView.m */,
				C952427316B0313A00BD8F74 /* GuestStubView.h */,
				C952427416B0313A00BD8F74 /* GuestStubView.m */,
				C93030F316AB33260039D7B8 /* StoryViewController.h */,
				C93030F416AB33260039D7B8 /* StoryViewController.m */,
				C93030F616AB33570039D7B8 /* GuestViewController.h */,
				C93030F716AB33570039D7B8 /* GuestViewController.m */,
				C93030F916AB33710039D7B8 /* TidbitListViewController.h */,
				C93030FA16AB33710039D7B8 /* TidbitListViewController.m */,
				C93030FC16AB33890039D7B8 /* TidbitDetailViewController.h */,
				C93030FD16AB33890039D7B8 /* TidbitDetailViewController.m */,
			);
			name = ViewControllers;
			sourceTree = "<group>";
		};
		C97B44E7169DCD54008A2793 /* Models */ = {
			isa = PBXGroup;
			children = (
				C930310E16AB44D60039D7B8 /* KYCConstants.h */,
				C930310F16AB44D60039D7B8 /* KYCConstants.m */,
				C930310B16AB43B50039D7B8 /* KYCPrivateConstants.h */,
				C930310C16AB43B50039D7B8 /* KYCPrivateConstants.m */,
				C952427F16B03F4700BD8F74 /* UIColor+KYC.h */,
				C952428016B03F4700BD8F74 /* UIColor+KYC.m */,
			);
			name = Models;
			sourceTree = "<group>";
		};
		C97B44E8169DCD77008A2793 /* EWMSharedClasses */ = {
			isa = PBXGroup;
			children = (
				C921485016B59417007323D0 /* EWMAudioPlayerView.h */,
				C921485116B59417007323D0 /* EWMAudioPlayerView.m */,
				C921484B16B58AF8007323D0 /* EWWebViewController.h */,
				C921484C16B58AF8007323D0 /* EWWebViewController.m */,
			);
			name = EWMSharedClasses;
			sourceTree = "<group>";
		};
		C97B44E9169DCD95008A2793 /* default */ = {
			isa = PBXGroup;
			children = (
				C97B44EB169DCF48008A2793 /* Default.png */,
				C97B44EC169DCF48008A2793 /* Default@2x.png */,
				C97B44EA169DCF48008A2793 /* Default-568h@2x.png */,
			);
			name = default;
			sourceTree = "<group>";
		};
/* End PBXGroup section */

/* Begin PBXNativeTarget section */
		C92666E7169DC6920061F9AD /* knowYourCity */ = {
			isa = PBXNativeTarget;
			buildConfigurationList = C926670C169DC6920061F9AD /* Build configuration list for PBXNativeTarget "knowYourCity" */;
			buildPhases = (
				C92666E4169DC6920061F9AD /* Sources */,
				C92666E5169DC6920061F9AD /* Frameworks */,
				C92666E6169DC6920061F9AD /* Resources */,
			);
			buildRules = (
			);
			dependencies = (
			);
			name = knowYourCity;
			productName = knowYourCity;
			productReference = C92666E8169DC6920061F9AD /* knowYourCity.app */;
			productType = "com.apple.product-type.application";
		};
/* End PBXNativeTarget section */

/* Begin PBXProject section */
		C92666DF169DC6920061F9AD /* Project object */ = {
			isa = PBXProject;
			attributes = {
				CLASSPREFIX = KYC;
				LastUpgradeCheck = 0450;
				ORGANIZATIONNAME = "Elsewise LLC";
			};
			buildConfigurationList = C92666E2169DC6920061F9AD /* Build configuration list for PBXProject "knowYourCity" */;
			compatibilityVersion = "Xcode 3.2";
			developmentRegion = English;
			hasScannedForEncodings = 0;
			knownRegions = (
				en,
			);
			mainGroup = C92666DD169DC6920061F9AD;
			productRefGroup = C92666E9169DC6920061F9AD /* Products */;
			projectDirPath = "";
			projectRoot = "";
			targets = (
				C92666E7169DC6920061F9AD /* knowYourCity */,
			);
		};
/* End PBXProject section */

/* Begin PBXResourcesBuildPhase section */
		C92666E6169DC6920061F9AD /* Resources */ = {
			isa = PBXResourcesBuildPhase;
			buildActionMask = 2147483647;
			files = (
				C92666F7169DC6920061F9AD /* InfoPlist.strings in Resources */,
				C97B44ED169DCF48008A2793 /* Default-568h@2x.png in Resources */,
				C97B44EE169DCF48008A2793 /* Default.png in Resources */,
				C97B44EF169DCF48008A2793 /* Default@2x.png in Resources */,
				C93030E816AB320E0039D7B8 /* bill_hart.jpg in Resources */,
				C93030E916AB320E0039D7B8 /* bill_hart@2x.jpg in Resources */,
				C93030EA16AB320E0039D7B8 /* guest_placeholder.jpg in Resources */,
				C93030EB16AB320E0039D7B8 /* guest_placeholder@2x.jpg in Resources */,
				C930310116AB34C40039D7B8 /* about.html in Resources */,
				C960757016AC59B2004B2672 /* logo_header.png in Resources */,
				C960757116AC59B2004B2672 /* logo_header@2x.png in Resources */,
				C960757516AC59C4004B2672 /* kyc-data.json in Resources */,
				C960757E16AC59E7004B2672 /* kycCCBA.png in Resources */,
				C960757F16AC59E7004B2672 /* theme_placeholder.png in Resources */,
				C960758016AC59E7004B2672 /* theme_placeholder@2x.png in Resources */,
				C960758116AC59E7004B2672 /* theme_tn_ph-b.png in Resources */,
				C960758216AC59E7004B2672 /* theme_tn_ph-b@2x.png in Resources */,
				C960758316AC59E7004B2672 /* theme_tn_ph.png in Resources */,
				C960758416AC59E7004B2672 /* theme_tn_ph@2x.png in Resources */,
				C960758816AC5A29004B2672 /* Icon.png in Resources */,
				C960758916AC5A29004B2672 /* Icon@2x.png in Resources */,
				C9DE110116AD95FC00D93566 /* logo_header_black.png in Resources */,
				C9DE110216AD95FC00D93566 /* logo_header_black@2x.png in Resources */,
				C9DE110616AD98ED00D93566 /* kycNavBarBlack.png in Resources */,
				C9DE110716AD98ED00D93566 /* kycNavBarBlack@2x.png in Resources */,
				C952427B16B0351600BD8F74 /* golden-west-ph.jpg in Resources */,
				C952427C16B0351600BD8F74 /* greek-plaque-ph.jpg in Resources */,
				C952427D16B0351600BD8F74 /* japantown-model-ph.jpg in Resources */,
				C952427E16B0351600BD8F74 /* new-market-ph.jpg in Resources */,
				C921485416B59529007323D0 /* kycPlaceholder.mp3 in Resources */,
				C921486216B59D7C007323D0 /* pause-audio.png in Resources */,
				C921486316B59D7C007323D0 /* play-audio.png in Resources */,
				C921486616B59DC8007323D0 /* nav-backward.png in Resources */,
				C921486716B59DC8007323D0 /* nav-forward.png in Resources */,
				C921487416B5A25B007323D0 /* 05-shuffle.png in Resources */,
				C921487516B5A25B007323D0 /* 07-map-marker.png in Resources */,
				C921487616B5A25B007323D0 /* 09-chat2.png in Resources */,
				C921487716B5A25B007323D0 /* 33-cabinet.png in Resources */,
				C921487816B5A25B007323D0 /* 44-shoebox.png in Resources */,
				C921487916B5A25B007323D0 /* 60-signpost.png in Resources */,
				C921487A16B5A25B007323D0 /* 68-paperclip.png in Resources */,
				C921487B16B5A25B007323D0 /* 96-book.png in Resources */,
				C921487C16B5A25B007323D0 /* 97-puzzle.png in Resources */,
				C921487D16B5A25B007323D0 /* 103-map.png in Resources */,
				C921487E16B5A25B007323D0 /* 104-index-cards.png in Resources */,
				C921487F16B5A25B007323D0 /* 123-id-card.png in Resources */,
			);
			runOnlyForDeploymentPostprocessing = 0;
		};
/* End PBXResourcesBuildPhase section */

/* Begin PBXSourcesBuildPhase section */
		C92666E4169DC6920061F9AD /* Sources */ = {
			isa = PBXSourcesBuildPhase;
			buildActionMask = 2147483647;
			files = (
				C92666F9169DC6920061F9AD /* main.m in Sources */,
				C97B44E3169DCCDA008A2793 /* KYCAppDelegate.m in Sources */,
				C97B44E4169DCCDA008A2793 /* KYCViewController.m in Sources */,
				C93030EF16AB32E10039D7B8 /* HomeViewController.m in Sources */,
				C93030F216AB33050039D7B8 /* ThemeViewController.m in Sources */,
				C93030F516AB33260039D7B8 /* StoryViewController.m in Sources */,
				C93030F816AB33570039D7B8 /* GuestViewController.m in Sources */,
				C93030FB16AB33710039D7B8 /* TidbitListViewController.m in Sources */,
				C93030FE16AB33890039D7B8 /* TidbitDetailViewController.m in Sources */,
				C930310D16AB43B50039D7B8 /* KYCPrivateConstants.m in Sources */,
				C930311016AB44D60039D7B8 /* KYCConstants.m in Sources */,
				C960759616AC6CF5004B2672 /* JSONKit.m in Sources */,
				C952427116B0311F00BD8F74 /* StoryStubView.m in Sources */,
				C952427516B0313A00BD8F74 /* GuestStubView.m in Sources */,
				C952428116B03F4700BD8F74 /* UIColor+KYC.m in Sources */,
				C921484E16B58AF8007323D0 /* EWWebViewController.m in Sources */,
				C921485216B59417007323D0 /* EWMAudioPlayerView.m in Sources */,
				C921485916B59B4E007323D0 /* Reachability.m in Sources */,
			);
			runOnlyForDeploymentPostprocessing = 0;
		};
/* End PBXSourcesBuildPhase section */

/* Begin PBXVariantGroup section */
		C92666F5169DC6920061F9AD /* InfoPlist.strings */ = {
			isa = PBXVariantGroup;
			children = (
				C92666F6169DC6920061F9AD /* en */,
			);
			name = InfoPlist.strings;
			sourceTree = "<group>";
		};
/* End PBXVariantGroup section */

/* Begin XCBuildConfiguration section */
		C926670A169DC6920061F9AD /* Debug */ = {
			isa = XCBuildConfiguration;
			buildSettings = {
				ALWAYS_SEARCH_USER_PATHS = NO;
				BUILD_SPECIFIC_BUNDLE_ID = com.elsewiseapps.knowYourCity.debug;
				BUILD_SPECIFIC_DISPLAY_NAME = "KYC∂0.8";
				CLANG_CXX_LANGUAGE_STANDARD = "gnu++0x";
				CLANG_CXX_LIBRARY = "libc++";
				CLANG_ENABLE_OBJC_ARC = YES;
				CLANG_WARN_EMPTY_BODY = YES;
				CLANG_WARN__DUPLICATE_METHOD_MATCH = YES;
				"CODE_SIGN_IDENTITY[sdk=iphoneos*]" = "iPhone Developer";
				COPY_PHASE_STRIP = NO;
				GCC_C_LANGUAGE_STANDARD = gnu99;
				GCC_DYNAMIC_NO_PIC = NO;
				GCC_OPTIMIZATION_LEVEL = 0;
				GCC_PREPROCESSOR_DEFINITIONS = (
					"DEBUG=1",
					"$(inherited)",
				);
				GCC_SYMBOLS_PRIVATE_EXTERN = NO;
				GCC_WARN_ABOUT_RETURN_TYPE = YES;
				GCC_WARN_UNINITIALIZED_AUTOS = YES;
				GCC_WARN_UNUSED_VARIABLE = YES;
				IPHONEOS_DEPLOYMENT_TARGET = 5.0;
				ONLY_ACTIVE_ARCH = YES;
				SDKROOT = iphoneos;
			};
			name = Debug;
		};
		C926670B169DC6920061F9AD /* Release */ = {
			isa = XCBuildConfiguration;
			buildSettings = {
				ALWAYS_SEARCH_USER_PATHS = NO;
				BUILD_SPECIFIC_BUNDLE_ID = com.elsewiseapps.knowYourCity.release;
				BUILD_SPECIFIC_DISPLAY_NAME = KnowYourCity;
				CLANG_CXX_LANGUAGE_STANDARD = "gnu++0x";
				CLANG_CXX_LIBRARY = "libc++";
				CLANG_ENABLE_OBJC_ARC = YES;
				CLANG_WARN_EMPTY_BODY = YES;
				CLANG_WARN__DUPLICATE_METHOD_MATCH = YES;
				"CODE_SIGN_IDENTITY[sdk=iphoneos*]" = "iPhone Developer";
				COPY_PHASE_STRIP = YES;
				GCC_C_LANGUAGE_STANDARD = gnu99;
				GCC_WARN_ABOUT_RETURN_TYPE = YES;
				GCC_WARN_UNINITIALIZED_AUTOS = YES;
				GCC_WARN_UNUSED_VARIABLE = YES;
				IPHONEOS_DEPLOYMENT_TARGET = 5.0;
				OTHER_CFLAGS = "-DNS_BLOCK_ASSERTIONS=1";
				SDKROOT = iphoneos;
				VALIDATE_PRODUCT = YES;
			};
			name = Release;
		};
		C926670D169DC6920061F9AD /* Debug */ = {
			isa = XCBuildConfiguration;
			buildSettings = {
				GCC_PRECOMPILE_PREFIX_HEADER = YES;
				GCC_PREFIX_HEADER = "knowYourCity/knowYourCity-Prefix.pch";
				INFOPLIST_FILE = "knowYourCity/knowYourCity-Info.plist";
				IPHONEOS_DEPLOYMENT_TARGET = 5.0;
				LIBRARY_SEARCH_PATHS = (
					"$(inherited)",
					"\"$(SRCROOT)/knowYourCity/3rdParty/TestFlightSDK1.1\"",
				);
				PRODUCT_NAME = "$(TARGET_NAME)";
				WRAPPER_EXTENSION = app;
			};
			name = Debug;
		};
		C926670E169DC6920061F9AD /* Release */ = {
			isa = XCBuildConfiguration;
			buildSettings = {
				GCC_PRECOMPILE_PREFIX_HEADER = YES;
				GCC_PREFIX_HEADER = "knowYourCity/knowYourCity-Prefix.pch";
				INFOPLIST_FILE = "knowYourCity/knowYourCity-Info.plist";
				IPHONEOS_DEPLOYMENT_TARGET = 5.0;
				LIBRARY_SEARCH_PATHS = (
					"$(inherited)",
					"\"$(SRCROOT)/knowYourCity/3rdParty/TestFlightSDK1.1\"",
				);
				PRODUCT_NAME = "$(TARGET_NAME)";
				WRAPPER_EXTENSION = app;
			};
			name = Release;
		};
		C97B44DA169DC970008A2793 /* adhoc */ = {
			isa = XCBuildConfiguration;
			buildSettings = {
				ALWAYS_SEARCH_USER_PATHS = NO;
				BUILD_SPECIFIC_BUNDLE_ID = com.elsewiseapps.knowYourCity.adhoc;
				BUILD_SPECIFIC_DISPLAY_NAME = KnowYourCity;
				CLANG_CXX_LANGUAGE_STANDARD = "gnu++0x";
				CLANG_CXX_LIBRARY = "libc++";
				CLANG_ENABLE_OBJC_ARC = YES;
				CLANG_WARN_EMPTY_BODY = YES;
				CLANG_WARN__DUPLICATE_METHOD_MATCH = YES;
				"CODE_SIGN_IDENTITY[sdk=iphoneos*]" = "iPhone Developer";
				COPY_PHASE_STRIP = NO;
				GCC_C_LANGUAGE_STANDARD = gnu99;
				GCC_DYNAMIC_NO_PIC = NO;
				GCC_OPTIMIZATION_LEVEL = 0;
				GCC_PREPROCESSOR_DEFINITIONS = (
					"DEBUG=1",
					"$(inherited)",
				);
				GCC_SYMBOLS_PRIVATE_EXTERN = NO;
				GCC_WARN_ABOUT_RETURN_TYPE = YES;
				GCC_WARN_UNINITIALIZED_AUTOS = YES;
				GCC_WARN_UNUSED_VARIABLE = YES;
				IPHONEOS_DEPLOYMENT_TARGET = 5.0;
				ONLY_ACTIVE_ARCH = YES;
				SDKROOT = iphoneos;
			};
			name = adhoc;
		};
		C97B44DB169DC970008A2793 /* adhoc */ = {
			isa = XCBuildConfiguration;
			buildSettings = {
				GCC_PRECOMPILE_PREFIX_HEADER = YES;
				GCC_PREFIX_HEADER = "knowYourCity/knowYourCity-Prefix.pch";
				INFOPLIST_FILE = "knowYourCity/knowYourCity-Info.plist";
				IPHONEOS_DEPLOYMENT_TARGET = 5.0;
				LIBRARY_SEARCH_PATHS = (
					"$(inherited)",
					"\"$(SRCROOT)/knowYourCity/3rdParty/TestFlightSDK1.1\"",
				);
				PRODUCT_NAME = "$(TARGET_NAME)";
				WRAPPER_EXTENSION = app;
			};
			name = adhoc;
		};
		C97B44DD169DC97F008A2793 /* appstore */ = {
			isa = XCBuildConfiguration;
			buildSettings = {
				ALWAYS_SEARCH_USER_PATHS = NO;
				BUILD_SPECIFIC_BUNDLE_ID = com.elsewiseapps.knowYourCity;
				BUILD_SPECIFIC_DISPLAY_NAME = KnowYourCity;
				CLANG_CXX_LANGUAGE_STANDARD = "gnu++0x";
				CLANG_CXX_LIBRARY = "libc++";
				CLANG_ENABLE_OBJC_ARC = YES;
				CLANG_WARN_EMPTY_BODY = YES;
				CLANG_WARN__DUPLICATE_METHOD_MATCH = YES;
				"CODE_SIGN_IDENTITY[sdk=iphoneos*]" = "iPhone Developer";
				COPY_PHASE_STRIP = YES;
				GCC_C_LANGUAGE_STANDARD = gnu99;
				GCC_WARN_ABOUT_RETURN_TYPE = YES;
				GCC_WARN_UNINITIALIZED_AUTOS = YES;
				GCC_WARN_UNUSED_VARIABLE = YES;
				IPHONEOS_DEPLOYMENT_TARGET = 5.0;
				OTHER_CFLAGS = "-DNS_BLOCK_ASSERTIONS=1";
				SDKROOT = iphoneos;
				VALIDATE_PRODUCT = YES;
			};
			name = appstore;
		};
		C97B44DE169DC97F008A2793 /* appstore */ = {
			isa = XCBuildConfiguration;
			buildSettings = {
				GCC_PRECOMPILE_PREFIX_HEADER = YES;
				GCC_PREFIX_HEADER = "knowYourCity/knowYourCity-Prefix.pch";
				INFOPLIST_FILE = "knowYourCity/knowYourCity-Info.plist";
				IPHONEOS_DEPLOYMENT_TARGET = 5.0;
				LIBRARY_SEARCH_PATHS = (
					"$(inherited)",
					"\"$(SRCROOT)/knowYourCity/3rdParty/TestFlightSDK1.1\"",
				);
				PRODUCT_NAME = "$(TARGET_NAME)";
				WRAPPER_EXTENSION = app;
			};
			name = appstore;
		};
/* End XCBuildConfiguration section */

/* Begin XCConfigurationList section */
		C92666E2169DC6920061F9AD /* Build configuration list for PBXProject "knowYourCity" */ = {
			isa = XCConfigurationList;
			buildConfigurations = (
				C926670A169DC6920061F9AD /* Debug */,
				C97B44DA169DC970008A2793 /* adhoc */,
				C926670B169DC6920061F9AD /* Release */,
				C97B44DD169DC97F008A2793 /* appstore */,
			);
			defaultConfigurationIsVisible = 0;
			defaultConfigurationName = Release;
		};
		C926670C169DC6920061F9AD /* Build configuration list for PBXNativeTarget "knowYourCity" */ = {
			isa = XCConfigurationList;
			buildConfigurations = (
				C926670D169DC6920061F9AD /* Debug */,
				C97B44DB169DC970008A2793 /* adhoc */,
				C926670E169DC6920061F9AD /* Release */,
				C97B44DE169DC97F008A2793 /* appstore */,
			);
			defaultConfigurationIsVisible = 0;
			defaultConfigurationName = Release;
		};
/* End XCConfigurationList section */
	};
	rootObject = C92666DF169DC6920061F9AD /* Project object */;
}
